
Microsoft Visual Studio Solution File, Format Version 12.00
# Visual Studio 15
VisualStudioVersion = 15.0.27703.2000
MinimumVisualStudioVersion = 10.0.40219.1
Project("{8BC9CEB8-8B4A-11D0-8D11-00A0C91BC942}") = "Server", "Server\Server.vcxproj", "{36A5CC85-CE0C-4156-81A4-4F24CBCE97CC}"
EndProject
Project("{8BC9CEB8-8B4A-11D0-8D11-00A0C91BC942}") = "Client", "Client\Client.vcxproj", "{9B83CFB1-D30A-4762-BB82-EB02A879BD64}"
EndProject
Global
	GlobalSection(SolutionConfigurationPlatforms) = preSolution
		Debug|x64 = Debug|x64
		Debug|x86 = Debug|x86
		Release|x64 = Release|x64
		Release|x86 = Release|x86
	EndGlobalSection
	GlobalSection(ProjectConfigurationPlatforms) = postSolution
		{36A5CC85-CE0C-4156-81A4-4F24CBCE97CC}.Debug|x64.ActiveCfg = Debug|x64
		{36A5CC85-CE0C-4156-81A4-4F24CBCE97CC}.Debug|x64.Build.0 = Debug|x64
		{36A5CC85-CE0C-4156-81A4-4F24CBCE97CC}.Debug|x86.ActiveCfg = Debug|Win32
		{36A5CC85-CE0C-4156-81A4-4F24CBCE97CC}.Debug|x86.Build.0 = Debug|Win32
		{36A5CC85-CE0C-4156-81A4-4F24CBCE97CC}.Release|x64.ActiveCfg = Release|x64
		{36A5CC85-CE0C-4156-81A4-4F24CBCE97CC}.Release|x64.Build.0 = Release|x64
		{36A5CC85-CE0C-4156-81A4-4F24CBCE97CC}.Release|x86.ActiveCfg = Release|Win32
		{36A5CC85-CE0C-4156-81A4-4F24CBCE97CC}.Release|x86.Build.0 = Release|Win32
		{9B83CFB1-D30A-4762-BB82-EB02A879BD64}.Debug|x64.ActiveCfg = Debug|x64
		{9B83CFB1-D30A-4762-BB82-EB02A879BD64}.Debug|x64.Build.0 = Debug|x64
		{9B83CFB1-D30A-4762-BB82-EB02A879BD64}.Debug|x86.ActiveCfg = Debug|Win32
		{9B83CFB1-D30A-4762-BB82-EB02A879BD64}.Debug|x86.Build.0 = Debug|Win32
		{9B83CFB1-D30A-4762-BB82-EB02A879BD64}.Release|x64.ActiveCfg = Release|x64
		{9B83CFB1-D30A-4762-BB82-EB02A879BD64}.Release|x64.Build.0 = Release|x64
		{9B83CFB1-D30A-4762-BB82-EB02A879BD64}.Release|x86.ActiveCfg = Release|Win32
		{9B83CFB1-D30A-4762-BB82-EB02A879BD64}.Release|x86.Build.0 = Release|Win32
	EndGlobalSection
	GlobalSection(SolutionProperties) = preSolution
		HideSolutionNode = FALSE
	EndGlobalSection
	GlobalSection(ExtensibilityGlobals) = postSolution
		SolutionGuid = {14495575-0E40-484F-B907-48251CCB458C}
	EndGlobalSection
EndGlobal
